
Microsoft Visual Studio Solution File, Format Version 12.00
# Visual Studio Version 16
VisualStudioVersion = 16.0.31424.327
MinimumVisualStudioVersion = 10.0.40219.1
Project("{888888A0-9F3D-457C-B088-3A5042F75D52}") = "ItemFastAPI", "ItemFastAPI\ItemFastAPI.pyproj", "{8D3CA721-52A0-4BDF-AA4A-1817D4E8AA87}"
EndProject
Global
	GlobalSection(SolutionConfigurationPlatforms) = preSolution
		Debug|Any CPU = Debug|Any CPU
		Release|Any CPU = Release|Any CPU
	EndGlobalSection
	GlobalSection(ProjectConfigurationPlatforms) = postSolution
		{8D3CA721-52A0-4BDF-AA4A-1817D4E8AA87}.Debug|Any CPU.ActiveCfg = Debug|Any CPU
		{8D3CA721-52A0-4BDF-AA4A-1817D4E8AA87}.Release|Any CPU.ActiveCfg = Release|Any CPU
	EndGlobalSection
	GlobalSection(SolutionProperties) = preSolution
		HideSolutionNode = FALSE
	EndGlobalSection
	GlobalSection(ExtensibilityGlobals) = postSolution
		SolutionGuid = {24852534-0F7F-48CA-B75F-0B3B314160A3}
	EndGlobalSection
EndGlobal
